{
  "name": "tesla-for-fun",
  "lockfileVersion": 2,
  "requires": true,
  "packages": {
    "": {
      "dependencies": {
        "@vant/weapp": "^1.9.2",
        "document-player-miniprogram": "^1.5.3"
      }
    },
    "node_modules/@vant/weapp": {
      "version": "1.9.2",
      "resolved": "https://registry.npmjs.org/@vant/weapp/-/weapp-1.9.2.tgz",
      "integrity": "sha512-brz1JLiXZev4u6cQFyDrGX5xddOHKwKUDgfbUrpqMcpW+dliV4oXMtkDt0rRNfYcEHyfewbvW9O+aas6KJUJYw=="
    },
    "node_modules/document-player-miniprogram": {
      "version": "1.5.3",
      "resolved": "https://registry.npmjs.org/document-player-miniprogram/-/document-player-miniprogram-1.5.3.tgz",
      "integrity": "sha512-RdtjFOUMVy7ilJ/3UHq5wZqbTLRF/ilocExdTBSMdcAune2JTOs+Lw213nnfFdKF/3ppbt0iotW4/Bc2EkQ6bw=="
    }
  },
  "dependencies": {
    "@vant/weapp": {
      "version": "1.9.2",
      "resolved": "https://registry.npmjs.org/@vant/weapp/-/weapp-1.9.2.tgz",
      "integrity": "sha512-brz1JLiXZev4u6cQFyDrGX5xddOHKwKUDgfbUrpqMcpW+dliV4oXMtkDt0rRNfYcEHyfewbvW9O+aas6KJUJYw=="
    },
    "document-player-miniprogram": {
      "version": "1.5.3",
      "resolved": "https://registry.npmjs.org/document-player-miniprogram/-/document-player-miniprogram-1.5.3.tgz",
      "integrity": "sha512-RdtjFOUMVy7ilJ/3UHq5wZqbTLRF/ilocExdTBSMdcAune2JTOs+Lw213nnfFdKF/3ppbt0iotW4/Bc2EkQ6bw=="
    }
  }
}
